github.com/RussellLuo/slidingwindow v0.0.0-20200528002341-535bb99d338b h1:5/++qT1/z812ZqBvqQt6ToRswSuPZ/B33m6xVHRzADU=
github.com/RussellLuo/slidingwindow v0.0.0-20200528002341-535bb99d338b/go.mod h1:4+EPqMRApwwE/6yo6CxiHoSnBzjRr3jsqer7frxP8y4=
github.com/cespare/xxhash/v2 v2.1.2 h1:YRXhKfTDauu4ajMg1TPgFO5jnlC2HCbmLXMcTG5cbYE=
github.com/cespare/xxhash/v2 v2.1.2/go.mod h1:VGX0DQ3Q6kWi7AoAeZDth3/j3BFtOZR5XLFGgcrjCOs=
github.com/dgryski/go-rendezvous v0.0.0-20200823014737-9f7001d12a5f h1:lO4WD4F/rVNCu3HqELle0jiPLLBs70cWOduZpkS1E78=
github.com/dgryski/go-rendezvous v0.0.0-20200823014737-9f7001d12a5f/go.mod h1:cuUVRXasLTGF7a8hSLbxyZXjz+1KgoB3wDUb6vlszIc=
github.com/garyburd/redigo v1.6.3 h1:HCeeRluvAgMusMomi1+6Y5dmFOdYV/JzoRrrbFlkGIc=
github.com/garyburd/redigo v1.6.3/go.mod h1:rTb6epsqigu3kYKBnaF028A7Tf/Aw5s0cqA47doKKqw=
github.com/go-redis/redis v6.15.9+incompatible h1:K0pv1D7EQUjfyoMql+r/jZqCLizCGKFlFgcHWWmHQjg=
github.com/go-redis/redis v6.15.9+incompatible/go.mod h1:NAIEuMOZ/fxfXJIrKDQDz8wamY7mA7PouImQ2Jvg6kA=
github.com/go-redis/redis/v8 v8.11.5 h1:AcZZR7igkdvfVmQTPnu9WE37LRrO/YrBH5zWyjDC0oI=
github.com/go-redis/redis/v8 v8.11.5/go.mod h1:gREzHqY1hg6oD9ngVRbLStwAWKhA0FEgq8Jd4h5lpwo=
github.com/go-redis/redis_rate/v9 v9.1.2 h1:H0l5VzoAtOE6ydd38j8MCq3ABlGLnvvbA1xDSVVCHgQ=
github.com/go-redis/redis_rate/v9 v9.1.2/go.mod h1:oam2de2apSgRG8aJzwJddXbNu91Iyz1m8IKJE2vpvlQ=
github.com/gorilla/mux v1.8.0 h1:i40aqfkR1h2SlN9hojwV5ZA91wcXFOvkdNIeFDP5koI=
github.com/gorilla/mux v1.8.0/go.mod h1:DVbg23sWSpFRCP0SfiEN6jmj59UnW/n46BH5rLB71So=
github.com/oeegor/go-redis-ratelimiter v0.0.0-20160420134335-f8d22f28c1fc h1:cV4XlnyO5NLQyUmMDeAv9JTbqio/+SefnUyq4OjjNvs=
github.com/oeegor/go-redis-ratelimiter v0.0.0-20160420134335-f8d22f28c1fc/go.mod h1:9PReaf33Rj10CMWr98tsru1UOvYyR3hgw9AxsuUKggI=
